
Microsoft Visual Studio Solution File, Format Version 12.00
# Visual Studio Version 16
VisualStudioVersion = 16.0.30114.105
MinimumVisualStudioVersion = 10.0.40219.1
Project("{FAE04EC0-301F-11D3-BF4B-00C04F79EFBC}") = "GRPCExceptionBenchmark.Server", "GRPCExceptionBenchmark.Server\GRPCExceptionBenchmark.Server.csproj", "{80F71869-7CF8-49D8-A065-16C9B682A710}"
EndProject
Project("{FAE04EC0-301F-11D3-BF4B-00C04F79EFBC}") = "GRPCExceptionBenchmark.BenchmarkApp", "GRPCExceptionBenchmark.BenchmarkApp\GRPCExceptionBenchmark.BenchmarkApp.csproj", "{322258C9-AC56-4BD3-9DF2-341E66C23E9E}"
EndProject
Global
	GlobalSection(SolutionConfigurationPlatforms) = preSolution
		Debug|Any CPU = Debug|Any CPU
		Release|Any CPU = Release|Any CPU
	EndGlobalSection
	GlobalSection(SolutionProperties) = preSolution
		HideSolutionNode = FALSE
	EndGlobalSection
	GlobalSection(ProjectConfigurationPlatforms) = postSolution
		{80F71869-7CF8-49D8-A065-16C9B682A710}.Debug|Any CPU.ActiveCfg = Debug|Any CPU
		{80F71869-7CF8-49D8-A065-16C9B682A710}.Debug|Any CPU.Build.0 = Debug|Any CPU
		{80F71869-7CF8-49D8-A065-16C9B682A710}.Release|Any CPU.ActiveCfg = Release|Any CPU
		{80F71869-7CF8-49D8-A065-16C9B682A710}.Release|Any CPU.Build.0 = Release|Any CPU
		{322258C9-AC56-4BD3-9DF2-341E66C23E9E}.Debug|Any CPU.ActiveCfg = Debug|Any CPU
		{322258C9-AC56-4BD3-9DF2-341E66C23E9E}.Debug|Any CPU.Build.0 = Debug|Any CPU
		{322258C9-AC56-4BD3-9DF2-341E66C23E9E}.Release|Any CPU.ActiveCfg = Release|Any CPU
		{322258C9-AC56-4BD3-9DF2-341E66C23E9E}.Release|Any CPU.Build.0 = Release|Any CPU
	EndGlobalSection
EndGlobal
